
Microsoft Visual Studio Solution File, Format Version 12.00
# Visual Studio Version 17
VisualStudioVersion = 17.9.34622.214
MinimumVisualStudioVersion = 10.0.40219.1
Project("{FAE04EC0-301F-11D3-BF4B-00C04F79EFBC}") = "DAEA_LAB10_TINOCO", "DAEA_LAB10_TINOCO\DAEA_LAB10_TINOCO.csproj", "{630D1BA8-1F8F-4350-9D5B-CB9A784C18DD}"
EndProject
Global
	GlobalSection(SolutionConfigurationPlatforms) = preSolution
		Debug|Any CPU = Debug|Any CPU
		Release|Any CPU = Release|Any CPU
	EndGlobalSection
	GlobalSection(ProjectConfigurationPlatforms) = postSolution
		{630D1BA8-1F8F-4350-9D5B-CB9A784C18DD}.Debug|Any CPU.ActiveCfg = Debug|Any CPU
		{630D1BA8-1F8F-4350-9D5B-CB9A784C18DD}.Debug|Any CPU.Build.0 = Debug|Any CPU
		{630D1BA8-1F8F-4350-9D5B-CB9A784C18DD}.Release|Any CPU.ActiveCfg = Release|Any CPU
		{630D1BA8-1F8F-4350-9D5B-CB9A784C18DD}.Release|Any CPU.Build.0 = Release|Any CPU
	EndGlobalSection
	GlobalSection(SolutionProperties) = preSolution
		HideSolutionNode = FALSE
	EndGlobalSection
	GlobalSection(ExtensibilityGlobals) = postSolution
		SolutionGuid = {F6CF70A7-26DC-46E4-AE59-68CBDADAE466}
	EndGlobalSection
EndGlobal
